
Microsoft Visual Studio Solution File, Format Version 12.00
# Visual Studio 14
VisualStudioVersion = 14.0.23107.0
MinimumVisualStudioVersion = 10.0.40219.1
Project("{FAE04EC0-301F-11D3-BF4B-00C04F79EFBC}") = "mortanodev.solver.console", "mortanodev.solver.console\mortanodev.solver.console.csproj", "{6B70F5CE-AB65-4C50-8F2C-1B2F53EA662E}"
EndProject
Project("{FAE04EC0-301F-11D3-BF4B-00C04F79EFBC}") = "mortanodev.solver.backend", "mortanodev.solver.backend\mortanodev.solver.backend.csproj", "{6613B5ED-46F6-4504-AB62-A552A0119AF2}"
EndProject
Project("{FAE04EC0-301F-11D3-BF4B-00C04F79EFBC}") = "mortanodev.solver.backend.test", "mortanodev.solver.backend.test\mortanodev.solver.backend.test.csproj", "{25945FAE-88FF-4317-993C-8ACC8CAE225D}"
EndProject
Global
	GlobalSection(SolutionConfigurationPlatforms) = preSolution
		Debug|Any CPU = Debug|Any CPU
		Release|Any CPU = Release|Any CPU
	EndGlobalSection
	GlobalSection(ProjectConfigurationPlatforms) = postSolution
		{6B70F5CE-AB65-4C50-8F2C-1B2F53EA662E}.Debug|Any CPU.ActiveCfg = Debug|Any CPU
		{6B70F5CE-AB65-4C50-8F2C-1B2F53EA662E}.Debug|Any CPU.Build.0 = Debug|Any CPU
		{6B70F5CE-AB65-4C50-8F2C-1B2F53EA662E}.Release|Any CPU.ActiveCfg = Release|Any CPU
		{6B70F5CE-AB65-4C50-8F2C-1B2F53EA662E}.Release|Any CPU.Build.0 = Release|Any CPU
		{6613B5ED-46F6-4504-AB62-A552A0119AF2}.Debug|Any CPU.ActiveCfg = Debug|Any CPU
		{6613B5ED-46F6-4504-AB62-A552A0119AF2}.Debug|Any CPU.Build.0 = Debug|Any CPU
		{6613B5ED-46F6-4504-AB62-A552A0119AF2}.Release|Any CPU.ActiveCfg = Release|Any CPU
		{6613B5ED-46F6-4504-AB62-A552A0119AF2}.Release|Any CPU.Build.0 = Release|Any CPU
		{25945FAE-88FF-4317-993C-8ACC8CAE225D}.Debug|Any CPU.ActiveCfg = Debug|Any CPU
		{25945FAE-88FF-4317-993C-8ACC8CAE225D}.Debug|Any CPU.Build.0 = Debug|Any CPU
		{25945FAE-88FF-4317-993C-8ACC8CAE225D}.Release|Any CPU.ActiveCfg = Release|Any CPU
		{25945FAE-88FF-4317-993C-8ACC8CAE225D}.Release|Any CPU.Build.0 = Release|Any CPU
	EndGlobalSection
	GlobalSection(SolutionProperties) = preSolution
		HideSolutionNode = FALSE
	EndGlobalSection
EndGlobal
